
Microsoft Visual Studio Solution File, Format Version 12.00
# Visual Studio Version 17
VisualStudioVersion = 17.3.32929.385
MinimumVisualStudioVersion = 10.0.40219.1
Project("{FAE04EC0-301F-11D3-BF4B-00C04F79EFBC}") = "Week15Canvas", "Week15Canvas\Week15Canvas.csproj", "{AF5A4E2C-3686-43ED-B093-9C7795B0427E}"
EndProject
Global
	GlobalSection(SolutionConfigurationPlatforms) = preSolution
		Debug|Any CPU = Debug|Any CPU
		Release|Any CPU = Release|Any CPU
	EndGlobalSection
	GlobalSection(ProjectConfigurationPlatforms) = postSolution
		{AF5A4E2C-3686-43ED-B093-9C7795B0427E}.Debug|Any CPU.ActiveCfg = Debug|Any CPU
		{AF5A4E2C-3686-43ED-B093-9C7795B0427E}.Debug|Any CPU.Build.0 = Debug|Any CPU
		{AF5A4E2C-3686-43ED-B093-9C7795B0427E}.Release|Any CPU.ActiveCfg = Release|Any CPU
		{AF5A4E2C-3686-43ED-B093-9C7795B0427E}.Release|Any CPU.Build.0 = Release|Any CPU
	EndGlobalSection
	GlobalSection(SolutionProperties) = preSolution
		HideSolutionNode = FALSE
	EndGlobalSection
	GlobalSection(ExtensibilityGlobals) = postSolution
		SolutionGuid = {7DA0EDD8-595D-40CD-9BAE-AE87304632C4}
	EndGlobalSection
EndGlobal
